{
  "version": 4,
  "terraform_version": "1.2.1",
  "serial": 6,
  "lineage": "0a7407e4-5e1d-a1ec-9ea0-a538a3ab49cd",
  "outputs": {
    "lambda_name": {
      "value": "git-lambda",
      "type": "string"
    }
  },
  "resources": [
    {
      "mode": "data",
      "type": "aws_caller_identity",
      "name": "current",
      "provider": "provider[\"registry.terraform.io/hashicorp/aws\"]",
      "instances": [
        {
          "schema_version": 0,
          "attributes": {
            "account_id": "763114715754",
            "arn": "arn:aws:iam::763114715754:user/admin",
            "id": "763114715754",
            "user_id": "AIDA3DLJOPJVDWPGN3AJI"
          },
          "sensitive_attributes": []
        }
      ]
    },
    {
      "mode": "data",
      "type": "aws_iam_policy_document",
      "name": "lambda",
      "provider": "provider[\"registry.terraform.io/hashicorp/aws\"]",
      "instances": [
        {
          "schema_version": 0,
          "attributes": {
            "id": "2965263639",
            "json": "{\n  \"Version\": \"2012-10-17\",\n  \"Statement\": [\n    {\n      \"Sid\": \"CreateCloudWatchLogs\",\n      \"Effect\": \"Allow\",\n      \"Action\": [\n        \"logs:PutLogEvents\",\n        \"logs:CreateLogStream\",\n        \"logs:CreateLogGroup\"\n      ],\n      \"Resource\": \"*\"\n    },\n    {\n      \"Sid\": \"CodeCommit\",\n      \"Effect\": \"Allow\",\n      \"Action\": [\n        \"codecommit:ListBranches\",\n        \"codecommit:GitPush\",\n        \"codecommit:GitPull\",\n        \"codecommit:GitBranch\",\n        \"codecommit:GetTree\",\n        \"codecommit:GetReferences\",\n        \"codecommit:GetObjectIdentifier\",\n        \"codecommit:GetMergeCommit\",\n        \"codecommit:GetDifferences\",\n        \"codecommit:GetCommitHistory\",\n        \"codecommit:GetCommit\",\n        \"codecommit:CreateCommit\",\n        \"codecommit:BatchGetCommits\"\n      ],\n      \"Resource\": \"*\"\n    }\n  ]\n}",
            "override_json": null,
            "override_policy_documents": null,
            "policy_id": null,
            "source_json": null,
            "source_policy_documents": null,
            "statement": [
              {
                "actions": [
                  "logs:CreateLogGroup",
                  "logs:CreateLogStream",
                  "logs:PutLogEvents"
                ],
                "condition": [],
                "effect": "Allow",
                "not_actions": [],
                "not_principals": [],
                "not_resources": [],
                "principals": [],
                "resources": [
                  "*"
                ],
                "sid": "CreateCloudWatchLogs"
              },
              {
                "actions": [
                  "codecommit:BatchGetCommits",
                  "codecommit:CreateCommit",
                  "codecommit:GetCommit",
                  "codecommit:GetCommitHistory",
                  "codecommit:GetDifferences",
                  "codecommit:GetMergeCommit",
                  "codecommit:GetObjectIdentifier",
                  "codecommit:GetReferences",
                  "codecommit:GetTree",
                  "codecommit:GitBranch",
                  "codecommit:GitPull",
                  "codecommit:GitPush",
                  "codecommit:ListBranches"
                ],
                "condition": [],
                "effect": "Allow",
                "not_actions": [],
                "not_principals": [],
                "not_resources": [],
                "principals": [],
                "resources": [
                  "*"
                ],
                "sid": "CodeCommit"
              }
            ],
            "version": "2012-10-17"
          },
          "sensitive_attributes": []
        }
      ]
    },
    {
      "mode": "managed",
      "type": "aws_iam_policy",
      "name": "lambda",
      "provider": "provider[\"registry.terraform.io/hashicorp/aws\"]",
      "instances": [
        {
          "schema_version": 0,
          "attributes": {
            "arn": "arn:aws:iam::763114715754:policy/git-lambda-policy",
            "description": "",
            "id": "arn:aws:iam::763114715754:policy/git-lambda-policy",
            "name": "git-lambda-policy",
            "name_prefix": null,
            "path": "/",
            "policy": "{\"Statement\":[{\"Action\":[\"logs:PutLogEvents\",\"logs:CreateLogStream\",\"logs:CreateLogGroup\"],\"Effect\":\"Allow\",\"Resource\":\"*\",\"Sid\":\"CreateCloudWatchLogs\"},{\"Action\":[\"codecommit:ListBranches\",\"codecommit:GitPush\",\"codecommit:GitPull\",\"codecommit:GitBranch\",\"codecommit:GetTree\",\"codecommit:GetReferences\",\"codecommit:GetObjectIdentifier\",\"codecommit:GetMergeCommit\",\"codecommit:GetDifferences\",\"codecommit:GetCommitHistory\",\"codecommit:GetCommit\",\"codecommit:CreateCommit\",\"codecommit:BatchGetCommits\"],\"Effect\":\"Allow\",\"Resource\":\"*\",\"Sid\":\"CodeCommit\"}],\"Version\":\"2012-10-17\"}",
            "policy_id": "ANPA3DLJOPJVNFKIMGTKM",
            "tags": {},
            "tags_all": {}
          },
          "sensitive_attributes": [],
          "private": "bnVsbA==",
          "dependencies": [
            "data.aws_iam_policy_document.lambda"
          ]
        }
      ]
    },
    {
      "mode": "managed",
      "type": "aws_iam_role",
      "name": "lambda",
      "provider": "provider[\"registry.terraform.io/hashicorp/aws\"]",
      "instances": [
        {
          "schema_version": 0,
          "attributes": {
            "arn": "arn:aws:iam::763114715754:role/git-lambda-role",
            "assume_role_policy": "{\"Version\":\"2012-10-17\",\"Statement\":[{\"Effect\":\"Allow\",\"Principal\":{\"Service\":\"lambda.amazonaws.com\"},\"Action\":\"sts:AssumeRole\"}]}",
            "create_date": "2023-03-07T01:37:30Z",
            "description": "",
            "force_detach_policies": false,
            "id": "git-lambda-role",
            "inline_policy": [
              {
                "name": "",
                "policy": ""
              }
            ],
            "managed_policy_arns": [],
            "max_session_duration": 3600,
            "name": "git-lambda-role",
            "name_prefix": "",
            "path": "/",
            "permissions_boundary": null,
            "tags": {},
            "tags_all": {},
            "unique_id": "AROA3DLJOPJVKTMGIXBRD"
          },
          "sensitive_attributes": [],
          "private": "bnVsbA=="
        }
      ]
    },
    {
      "mode": "managed",
      "type": "aws_lambda_function",
      "name": "git",
      "provider": "provider[\"registry.terraform.io/hashicorp/aws\"]",
      "instances": [
        {
          "schema_version": 0,
          "attributes": {
            "architectures": [
              "x86_64"
            ],
            "arn": "arn:aws:lambda:us-east-1:763114715754:function:git-lambda",
            "code_signing_config_arn": "",
            "dead_letter_config": [],
            "description": "",
            "environment": [],
            "file_system_config": [],
            "filename": "app.jar",
            "function_name": "git-lambda",
            "handler": "example.Handler::handleRequest",
            "id": "git-lambda",
            "image_config": [],
            "image_uri": "",
            "invoke_arn": "arn:aws:apigateway:us-east-1:lambda:path/2015-03-31/functions/arn:aws:lambda:us-east-1:763114715754:function:git-lambda/invocations",
            "kms_key_arn": "",
            "last_modified": "2023-03-07T01:39:02.067+0000",
            "layers": null,
            "memory_size": 128,
            "package_type": "Zip",
            "publish": false,
            "qualified_arn": "arn:aws:lambda:us-east-1:763114715754:function:git-lambda:$LATEST",
            "reserved_concurrent_executions": -1,
            "role": "arn:aws:iam::763114715754:role/git-lambda-role",
            "runtime": "java11",
            "s3_bucket": null,
            "s3_key": null,
            "s3_object_version": null,
            "signing_job_arn": "",
            "signing_profile_version_arn": "",
            "source_code_hash": "qh+JdsTkeDJCZiBEp0sEqeljiy9f/dHplnhMTwUcfcg=",
            "source_code_size": 3604178,
            "tags": null,
            "tags_all": {},
            "timeout": 300,
            "timeouts": null,
            "tracing_config": [
              {
                "mode": "PassThrough"
              }
            ],
            "version": "$LATEST",
            "vpc_config": []
          },
          "sensitive_attributes": [],
          "private": "eyJlMmJmYjczMC1lY2FhLTExZTYtOGY4OC0zNDM2M2JjN2M0YzAiOnsiY3JlYXRlIjo2MDAwMDAwMDAwMDB9fQ==",
          "dependencies": [
            "aws_iam_role.lambda"
          ]
        }
      ]
    }
  ]
}
