{
  "version": 4,
  "terraform_version": "1.2.1",
  "serial": 9,
  "lineage": "e66b417b-25aa-d6f4-72da-8f8646230ee3",
  "outputs": {},
  "resources": [
    {
      "mode": "data",
      "type": "aws_lambda_function",
      "name": "lambdajava",
      "provider": "provider[\"registry.terraform.io/hashicorp/aws\"]",
      "instances": [
        {
          "schema_version": 0,
          "attributes": {
            "architectures": [
              "x86_64"
            ],
            "arn": "arn:aws:lambda:us-east-1:763114715754:function:ProcessDynamoDBRecordsJava",
            "code_signing_config_arn": "",
            "dead_letter_config": [],
            "description": "",
            "environment": [],
            "file_system_config": [],
            "function_name": "ProcessDynamoDBRecordsJava",
            "handler": "example.DDBEventProcessor::handleRequest",
            "id": "ProcessDynamoDBRecordsJava",
            "image_uri": "",
            "invoke_arn": "arn:aws:apigateway:us-east-1:lambda:path/2015-03-31/functions/arn:aws:lambda:us-east-1:763114715754:function:ProcessDynamoDBRecordsJava/invocations",
            "kms_key_arn": "",
            "last_modified": "2023-03-16T00:07:09.000+0000",
            "layers": [],
            "memory_size": 512,
            "qualified_arn": "arn:aws:lambda:us-east-1:763114715754:function:ProcessDynamoDBRecordsJava:$LATEST",
            "qualifier": null,
            "reserved_concurrent_executions": -1,
            "role": "arn:aws:iam::763114715754:role/lambda-dynamodb-role",
            "runtime": "java11",
            "signing_job_arn": "",
            "signing_profile_version_arn": "",
            "source_code_hash": "yM67vckFlEbCsK/M5oOnZaJpnGRvtZv5uGCL3tzoauA=",
            "source_code_size": 4626009,
            "tags": {},
            "timeout": 15,
            "tracing_config": [
              {
                "mode": "PassThrough"
              }
            ],
            "version": "$LATEST",
            "vpc_config": []
          },
          "sensitive_attributes": []
        }
      ]
    },
    {
      "mode": "managed",
      "type": "aws_dynamodb_table",
      "name": "example",
      "provider": "provider[\"registry.terraform.io/hashicorp/aws\"]",
      "instances": [
        {
          "schema_version": 1,
          "attributes": {
            "arn": "arn:aws:dynamodb:us-east-1:763114715754:table/Product",
            "attribute": [
              {
                "name": "id",
                "type": "S"
              }
            ],
            "billing_mode": "PROVISIONED",
            "global_secondary_index": [],
            "hash_key": "id",
            "id": "Product",
            "local_secondary_index": [],
            "name": "Product",
            "point_in_time_recovery": [
              {
                "enabled": false
              }
            ],
            "range_key": null,
            "read_capacity": 20,
            "replica": [],
            "restore_date_time": null,
            "restore_source_name": null,
            "restore_to_latest_time": null,
            "server_side_encryption": [],
            "stream_arn": "arn:aws:dynamodb:us-east-1:763114715754:table/Product/stream/2023-03-16T00:23:43.238",
            "stream_enabled": true,
            "stream_label": "2023-03-16T00:23:43.238",
            "stream_view_type": "NEW_AND_OLD_IMAGES",
            "table_class": "",
            "tags": {
              "Environment": "production",
              "Name": "dynamodb-table-1"
            },
            "tags_all": {
              "Environment": "production",
              "Name": "dynamodb-table-1"
            },
            "timeouts": null,
            "ttl": [
              {
                "attribute_name": "",
                "enabled": false
              }
            ],
            "write_capacity": 20
          },
          "sensitive_attributes": [],
          "private": "eyJlMmJmYjczMC1lY2FhLTExZTYtOGY4OC0zNDM2M2JjN2M0YzAiOnsiY3JlYXRlIjoxODAwMDAwMDAwMDAwLCJkZWxldGUiOjYwMDAwMDAwMDAwMCwidXBkYXRlIjozNjAwMDAwMDAwMDAwfSwic2NoZW1hX3ZlcnNpb24iOiIxIn0="
        }
      ]
    },
    {
      "mode": "managed",
      "type": "aws_lambda_event_source_mapping",
      "name": "example_event",
      "provider": "provider[\"registry.terraform.io/hashicorp/aws\"]",
      "instances": [
        {
          "schema_version": 0,
          "attributes": {
            "batch_size": 100,
            "bisect_batch_on_function_error": false,
            "destination_config": [
              {
                "on_failure": [
                  {
                    "destination_arn": null
                  }
                ]
              }
            ],
            "enabled": true,
            "event_source_arn": "arn:aws:dynamodb:us-east-1:763114715754:table/Product/stream/2023-03-16T00:23:43.238",
            "filter_criteria": [],
            "function_arn": "arn:aws:lambda:us-east-1:763114715754:function:ProcessDynamoDBRecordsJava",
            "function_name": "arn:aws:lambda:us-east-1:763114715754:function:ProcessDynamoDBRecordsJava",
            "function_response_types": null,
            "id": "0d311ff3-7697-4469-b431-d745efeb654a",
            "last_modified": "2023-03-16T00:23:00Z",
            "last_processing_result": "No records processed",
            "maximum_batching_window_in_seconds": 0,
            "maximum_record_age_in_seconds": -1,
            "maximum_retry_attempts": -1,
            "parallelization_factor": 1,
            "queues": null,
            "self_managed_event_source": [],
            "source_access_configuration": [],
            "starting_position": "LATEST",
            "starting_position_timestamp": "",
            "state": "Enabled",
            "state_transition_reason": "User action",
            "topics": null,
            "tumbling_window_in_seconds": 0,
            "uuid": "0d311ff3-7697-4469-b431-d745efeb654a"
          },
          "sensitive_attributes": [],
          "private": "bnVsbA==",
          "dependencies": [
            "aws_dynamodb_table.example",
            "data.aws_lambda_function.lambdajava"
          ]
        }
      ]
    }
  ]
}
